# THIS IS AN AUTOGENERATED FILE. DO NOT EDIT THIS FILE DIRECTLY.
# yarn lockfile v1


"@babel/helper-string-parser@^7.29.7":
  version "7.29.7"
  resolved "https://registry.npmmirror.com/@babel/helper-string-parser/-/helper-string-parser-7.29.7.tgz#7f0871d99824d23137d60f86fcf6130fd5a1b51f"
  integrity sha512-Pb5ijPrZ89GDH8223L4UP8i6QApWxs04RbPQJTeWDV0/keR2E36MeKnyr6LYmUUvqRRI+Iv87SuF1W6ErINzYw==

"@babel/helper-validator-identifier@^7.29.7":
  version "7.29.7"
  resolved "https://registry.npmmirror.com/@babel/helper-validator-identifier/-/helper-validator-identifier-7.29.7.tgz#bd87084ced0c796ec46bda492de6e83d29e89fc2"
  integrity sha512-qehxGkRj55h/ff8EMaJ+cYhyaKlHIxqYDn682wQD7RNp9UujOQsHog2uS0r2vzr4pW+sXf90NeeayjcNaX3fFg==

"@babel/parser@^7.23.5":
  version "7.29.7"
  resolved "https://registry.npmmirror.com/@babel/parser/-/parser-7.29.7.tgz#837b87387cbf5ec5530cb634b3c622f68edb9334"
  integrity sha512-hnORnjP/1P/zFEndoeX+n+t1RwWRJiJpM/jO7FW32Kn9r5+sJB2JWOdYo4L6k78j15eCwY3Gm/7364B1EMwtNg==
  dependencies:
    "@babel/types" "^7.29.7"

"@babel/types@^7.29.7":
  version "7.29.7"
  resolved "https://registry.npmmirror.com/@babel/types/-/types-7.29.7.tgz#8005e31d82712ee7adaef6e23c63b71a62770a92"
  integrity sha512-4zBIxpPzowiZpusoFkyGVwakdRJUyuH5PxQ/PrqghfdFWWasvnCdPfQXHrenDai+gyLARulZjZowCOj6fjT4pA==
  dependencies:
    "@babel/helper-string-parser" "^7.29.7"
    "@babel/helper-validator-identifier" "^7.29.7"

"@coolma/muya@file:../muya":
  version "0.1.2"
  dependencies:
    element-resize-detector "^1.2.1"
    file-icons-js "1.0.3"
    popper.js "^1.16.1"
    snabbdom "^0.7.4"
    uuid "^9.0.1"

"@esbuild/aix-ppc64@0.21.5":
  version "0.21.5"
  resolved "https://registry.npmmirror.com/@esbuild/aix-ppc64/-/aix-ppc64-0.21.5.tgz#c7184a326533fcdf1b8ee0733e21c713b975575f"
  integrity sha512-1SDgH6ZSPTlggy1yI6+Dbkiz8xzpHJEVAlF/AM1tHPLsf5STom9rwtjE4hKAF20FfXXNTFqEYXyJNWh1GiZedQ==

"@esbuild/android-arm64@0.21.5":
  version "0.21.5"
  resolved "https://registry.npmmirror.com/@esbuild/android-arm64/-/android-arm64-0.21.5.tgz#09d9b4357780da9ea3a7dfb833a1f1ff439b4052"
  integrity sha512-c0uX9VAUBQ7dTDCjq+wdyGLowMdtR/GoC2U5IYk/7D1H1JYC0qseD7+11iMP2mRLN9RcCMRcjC4YMclCzGwS/A==

"@esbuild/android-arm@0.21.5":
  version "0.21.5"
  resolved "https://registry.npmmirror.com/@esbuild/android-arm/-/android-arm-0.21.5.tgz#9b04384fb771926dfa6d7ad04324ecb2ab9b2e28"
  integrity sha512-vCPvzSjpPHEi1siZdlvAlsPxXl7WbOVUBBAowWug4rJHb68Ox8KualB+1ocNvT5fjv6wpkX6o/iEpbDrf68zcg==

"@esbuild/android-x64@0.21.5":
  version "0.21.5"
  resolved "https://registry.npmmirror.com/@esbuild/android-x64/-/android-x64-0.21.5.tgz#29918ec2db754cedcb6c1b04de8cd6547af6461e"
  integrity sha512-D7aPRUUNHRBwHxzxRvp856rjUHRFW1SdQATKXH2hqA0kAZb1hKmi02OpYRacl0TxIGz/ZmXWlbZgjwWYaCakTA==

"@esbuild/darwin-arm64@0.21.5":
  version "0.21.5"
  resolved "https://registry.npmmirror.com/@esbuild/darwin-arm64/-/darwin-arm64-0.21.5.tgz#e495b539660e51690f3928af50a76fb0a6ccff2a"
  integrity sha512-DwqXqZyuk5AiWWf3UfLiRDJ5EDd49zg6O9wclZ7kUMv2WRFr4HKjXp/5t8JZ11QbQfUS6/cRCKGwYhtNAY88kQ==

"@esbuild/darwin-x64@0.21.5":
  version "0.21.5"
  resolved "https://registry.npmmirror.com/@esbuild/darwin-x64/-/darwin-x64-0.21.5.tgz#c13838fa57372839abdddc91d71542ceea2e1e22"
  integrity sha512-se/JjF8NlmKVG4kNIuyWMV/22ZaerB+qaSi5MdrXtd6R08kvs2qCN4C09miupktDitvh8jRFflwGFBQcxZRjbw==

"@esbuild/freebsd-arm64@0.21.5":
  version "0.21.5"
  resolved "https://registry.npmmirror.com/@esbuild/freebsd-arm64/-/freebsd-arm64-0.21.5.tgz#646b989aa20bf89fd071dd5dbfad69a3542e550e"
  integrity sha512-5JcRxxRDUJLX8JXp/wcBCy3pENnCgBR9bN6JsY4OmhfUtIHe3ZW0mawA7+RDAcMLrMIZaf03NlQiX9DGyB8h4g==

"@esbuild/freebsd-x64@0.21.5":
  version "0.21.5"
  resolved "https://registry.npmmirror.com/@esbuild/freebsd-x64/-/freebsd-x64-0.21.5.tgz#aa615cfc80af954d3458906e38ca22c18cf5c261"
  integrity sha512-J95kNBj1zkbMXtHVH29bBriQygMXqoVQOQYA+ISs0/2l3T9/kj42ow2mpqerRBxDJnmkUDCaQT/dfNXWX/ZZCQ==

"@esbuild/linux-arm64@0.21.5":
  version "0.21.5"
  resolved "https://registry.npmmirror.com/@esbuild/linux-arm64/-/linux-arm64-0.21.5.tgz#70ac6fa14f5cb7e1f7f887bcffb680ad09922b5b"
  integrity sha512-ibKvmyYzKsBeX8d8I7MH/TMfWDXBF3db4qM6sy+7re0YXya+K1cem3on9XgdT2EQGMu4hQyZhan7TeQ8XkGp4Q==

"@esbuild/linux-arm@0.21.5":
  version "0.21.5"
  resolved "https://registry.npmmirror.com/@esbuild/linux-arm/-/linux-arm-0.21.5.tgz#fc6fd11a8aca56c1f6f3894f2bea0479f8f626b9"
  integrity sha512-bPb5AHZtbeNGjCKVZ9UGqGwo8EUu4cLq68E95A53KlxAPRmUyYv2D6F0uUI65XisGOL1hBP5mTronbgo+0bFcA==

"@esbuild/linux-ia32@0.21.5":
  version "0.21.5"
  resolved "https://registry.npmmirror.com/@esbuild/linux-ia32/-/linux-ia32-0.21.5.tgz#3271f53b3f93e3d093d518d1649d6d68d346ede2"
  integrity sha512-YvjXDqLRqPDl2dvRODYmmhz4rPeVKYvppfGYKSNGdyZkA01046pLWyRKKI3ax8fbJoK5QbxblURkwK/MWY18Tg==

"@esbuild/linux-loong64@0.21.5":
  version "0.21.5"
  resolved "https://registry.npmmirror.com/@esbuild/linux-loong64/-/linux-loong64-0.21.5.tgz#ed62e04238c57026aea831c5a130b73c0f9f26df"
  integrity sha512-uHf1BmMG8qEvzdrzAqg2SIG/02+4/DHB6a9Kbya0XDvwDEKCoC8ZRWI5JJvNdUjtciBGFQ5PuBlpEOXQj+JQSg==

"@esbuild/linux-mips64el@0.21.5":
  version "0.21.5"
  resolved "https://registry.npmmirror.com/@esbuild/linux-mips64el/-/linux-mips64el-0.21.5.tgz#e79b8eb48bf3b106fadec1ac8240fb97b4e64cbe"
  integrity sha512-IajOmO+KJK23bj52dFSNCMsz1QP1DqM6cwLUv3W1QwyxkyIWecfafnI555fvSGqEKwjMXVLokcV5ygHW5b3Jbg==

"@esbuild/linux-ppc64@0.21.5":
  version "0.21.5"
  resolved "https://registry.npmmirror.com/@esbuild/linux-ppc64/-/linux-ppc64-0.21.5.tgz#5f2203860a143b9919d383ef7573521fb154c3e4"
  integrity sha512-1hHV/Z4OEfMwpLO8rp7CvlhBDnjsC3CttJXIhBi+5Aj5r+MBvy4egg7wCbe//hSsT+RvDAG7s81tAvpL2XAE4w==

"@esbuild/linux-riscv64@0.21.5":
  version "0.21.5"
  resolved "https://registry.npmmirror.com/@esbuild/linux-riscv64/-/linux-riscv64-0.21.5.tgz#07bcafd99322d5af62f618cb9e6a9b7f4bb825dc"
  integrity sha512-2HdXDMd9GMgTGrPWnJzP2ALSokE/0O5HhTUvWIbD3YdjME8JwvSCnNGBnTThKGEB91OZhzrJ4qIIxk/SBmyDDA==

"@esbuild/linux-s390x@0.21.5":
  version "0.21.5"
  resolved "https://registry.npmmirror.com/@esbuild/linux-s390x/-/linux-s390x-0.21.5.tgz#b7ccf686751d6a3e44b8627ababc8be3ef62d8de"
  integrity sha512-zus5sxzqBJD3eXxwvjN1yQkRepANgxE9lgOW2qLnmr8ikMTphkjgXu1HR01K4FJg8h1kEEDAqDcZQtbrRnB41A==

"@esbuild/linux-x64@0.21.5":
  version "0.21.5"
  resolved "https://registry.npmmirror.com/@esbuild/linux-x64/-/linux-x64-0.21.5.tgz#6d8f0c768e070e64309af8004bb94e68ab2bb3b0"
  integrity sha512-1rYdTpyv03iycF1+BhzrzQJCdOuAOtaqHTWJZCWvijKD2N5Xu0TtVC8/+1faWqcP9iBCWOmjmhoH94dH82BxPQ==

"@esbuild/netbsd-x64@0.21.5":
  version "0.21.5"
  resolved "https://registry.npmmirror.com/@esbuild/netbsd-x64/-/netbsd-x64-0.21.5.tgz#bbe430f60d378ecb88decb219c602667387a6047"
  integrity sha512-Woi2MXzXjMULccIwMnLciyZH4nCIMpWQAs049KEeMvOcNADVxo0UBIQPfSmxB3CWKedngg7sWZdLvLczpe0tLg==

"@esbuild/openbsd-x64@0.21.5":
  version "0.21.5"
  resolved "https://registry.npmmirror.com/@esbuild/openbsd-x64/-/openbsd-x64-0.21.5.tgz#99d1cf2937279560d2104821f5ccce220cb2af70"
  integrity sha512-HLNNw99xsvx12lFBUwoT8EVCsSvRNDVxNpjZ7bPn947b8gJPzeHWyNVhFsaerc0n3TsbOINvRP2byTZ5LKezow==

"@esbuild/sunos-x64@0.21.5":
  version "0.21.5"
  resolved "https://registry.npmmirror.com/@esbuild/sunos-x64/-/sunos-x64-0.21.5.tgz#08741512c10d529566baba837b4fe052c8f3487b"
  integrity sha512-6+gjmFpfy0BHU5Tpptkuh8+uw3mnrvgs+dSPQXQOv3ekbordwnzTVEb4qnIvQcYXq6gzkyTnoZ9dZG+D4garKg==

"@esbuild/win32-arm64@0.21.5":
  version "0.21.5"
  resolved "https://registry.npmmirror.com/@esbuild/win32-arm64/-/win32-arm64-0.21.5.tgz#675b7385398411240735016144ab2e99a60fc75d"
  integrity sha512-Z0gOTd75VvXqyq7nsl93zwahcTROgqvuAcYDUr+vOv8uHhNSKROyU961kgtCD1e95IqPKSQKH7tBTslnS3tA8A==

"@esbuild/win32-ia32@0.21.5":
  version "0.21.5"
  resolved "https://registry.npmmirror.com/@esbuild/win32-ia32/-/win32-ia32-0.21.5.tgz#1bfc3ce98aa6ca9a0969e4d2af72144c59c1193b"
  integrity sha512-SWXFF1CL2RVNMaVs+BBClwtfZSvDgtL//G/smwAc5oVK/UPu2Gu9tIaRgFmYFFKrmg3SyAjSrElf0TiJ1v8fYA==

"@esbuild/win32-x64@0.21.5":
  version "0.21.5"
  resolved "https://registry.npmmirror.com/@esbuild/win32-x64/-/win32-x64-0.21.5.tgz#acad351d582d157bb145535db2a6ff53dd514b5c"
  integrity sha512-tQd/1efJuzPC6rCFwEvLtci/xNFcTZknmXs98FYDfGE4wP9ClFV98nyKrzJKVPMhdDnjzLhdUyMX4PsQAPjwIw==

"@rollup/rollup-android-arm-eabi@4.62.3":
  version "4.62.3"
  resolved "https://registry.npmmirror.com/@rollup/rollup-android-arm-eabi/-/rollup-android-arm-eabi-4.62.3.tgz#b0ab422fb60f3583c8c789e856d64a32507f299e"
  integrity sha512-c0wdcekXtQvvn5Tsrk/+op/gUArrbWaFduBnTLP2l1cKLSQs4diMWjJw3m6A0DdzT8dAAX95KpkJ3qynCePbmw==

"@rollup/rollup-android-arm64@4.62.3":
  version "4.62.3"
  resolved "https://registry.npmmirror.com/@rollup/rollup-android-arm64/-/rollup-android-arm64-4.62.3.tgz#047e967eeb440a299f1abc773579b5c2516fa48d"
  integrity sha512-3YjElDdWN+qXAFbJ/CzPV+0wspLqh54k/I6GfdYtEJRqg7buSgc1yPM3B+93j1M4neobtkATHZTmxK2AMVGfnA==

"@rollup/rollup-darwin-arm64@4.62.3":
  version "4.62.3"
  resolved "https://registry.npmmirror.com/@rollup/rollup-darwin-arm64/-/rollup-darwin-arm64-4.62.3.tgz#18369e67d0d3ffcb01a95561217447b791727697"
  integrity sha512-Pch2pFNOxxz1hTjypIdPyRTR6riiwRl84+VcN9djS680fw+Co1nAJINrdpqp7KV0NvyuU8ilZXZCjd7ykJl1GQ==

"@rollup/rollup-darwin-x64@4.62.3":
  version "4.62.3"
  resolved "https://registry.npmmirror.com/@rollup/rollup-darwin-x64/-/rollup-darwin-x64-4.62.3.tgz#bf23ae4c5c0f841b123bc79e3b246176c6d08fd7"
  integrity sha512-LEuncFUHFiF8t4yZVZvvZA1wk0pjAscRnsrn1EfTEmN4HXotBi2YtcnLRyaK6UbuczW7xZS5ES+81Rdz8Z0T6g==

"@rollup/rollup-freebsd-arm64@4.62.3":
  version "4.62.3"
  resolved "https://registry.npmmirror.com/@rollup/rollup-freebsd-arm64/-/rollup-freebsd-arm64-4.62.3.tgz#c92a1b07d0243181f26d9deb278c3ef09e01f065"
  integrity sha512-zvBUvsQUpOWALdDsk6qbS8bXf2VxmPisuudNDrY7x0p0jBdsoZl8HsHczIOgkQiZldmcacMKtBzpoGVNeIe2bQ==

"@rollup/rollup-freebsd-x64@4.62.3":
  version "4.62.3"
  resolved "https://registry.npmmirror.com/@rollup/rollup-freebsd-x64/-/rollup-freebsd-x64-4.62.3.tgz#b69da0407ea06497d395be0e799cc601004b372e"
  integrity sha512-C2KmNrcSem/AMg984H/dev+si0lieQGdXdR/lYGJnuumXnFb9Y7QdiI62obFdLlxRYLBv4P0eUVIDbD4c1vVvw==

"@rollup/rollup-linux-arm-gnueabihf@4.62.3":
  version "4.62.3"
  resolved "https://registry.npmmirror.com/@rollup/rollup-linux-arm-gnueabihf/-/rollup-linux-arm-gnueabihf-4.62.3.tgz#1b4b63c57fc20e6ea4748a8ea864d86513328ec4"
  integrity sha512-ggXnsTAEzNQx74XpunRsiZ9aBZDsI7XIa0hm2nzR9f4WzH5/f/d73ZSDaC5ejJ8YLY4NW+V3wr0tjOaeCq8hqA==

"@rollup/rollup-linux-arm-musleabihf@4.62.3":
  version "4.62.3"
  resolved "https://registry.npmmirror.com/@rollup/rollup-linux-arm-musleabihf/-/rollup-linux-arm-musleabihf-4.62.3.tgz#64334f5a5178cabb15e7d2a91fb592db1f8621d3"
  integrity sha512-2vng+FlzNUhKZxtej3IUqJgbZoQk2M/dwQM20+ULV0R/E/8tr9/P6uEf2iiGIk4HL0zMKh5Jry7mUHdUOvyGgA==

"@rollup/rollup-linux-arm64-gnu@4.62.3":
  version "4.62.3"
  resolved "https://registry.npmmirror.com/@rollup/rollup-linux-arm64-gnu/-/rollup-linux-arm64-gnu-4.62.3.tgz#1ff299f7825f0f52a8e107dac7f15ce73009848b"
  integrity sha512-LLLFZKt4/Nraf9rxDkhiU8QVgLF4WmCkfr0L4fj0fPfIZFBib0DeiFk1hhaYKd03LFAFJcxHslhDFlNJLylf5Q==

"@rollup/rollup-linux-arm64-musl@4.62.3":
  version "4.62.3"
  resolved "https://registry.npmmirror.com/@rollup/rollup-linux-arm64-musl/-/rollup-linux-arm64-musl-4.62.3.tgz#99052380e7a94fa440b9166c67a909aa3572f089"
  integrity sha512-WJkdQCvS9sWNOUBJZfQRKpZGFBztRzcowI+nndmflKgU4XY+3a420FgTOSKTsVqJbnzSxeT4vaJalpOaPo2YCQ==

"@rollup/rollup-linux-loong64-gnu@4.62.3":
  version "4.62.3"
  resolved "https://registry.npmmirror.com/@rollup/rollup-linux-loong64-gnu/-/rollup-linux-loong64-gnu-4.62.3.tgz#5f58b576b3668edf62acf0c5265826267b7d858f"
  integrity sha512-PwHXCCS2n64/1Ot6rP1YEYA02MGYBcQlr8CSZZyrUG2O7NH6NklYmvr9v3Jy+5e/eDeNchc/ukmKJi9LuflMIQ==

"@rollup/rollup-linux-loong64-musl@4.62.3":
  version "4.62.3"
  resolved "https://registry.npmmirror.com/@rollup/rollup-linux-loong64-musl/-/rollup-linux-loong64-musl-4.62.3.tgz#a8cd0337e3ff3a0c95ead67715c51af77c5aff36"
  integrity sha512-vUjxINQu3RC8NZS3ykk1gN65gIz8pAopOq2HXuZhiIxHdx7TFvDG+jgrdSgInu1Eza4/Rfi2VzZgyIgEH4WOaw==

"@rollup/rollup-linux-ppc64-gnu@4.62.3":
  version "4.62.3"
  resolved "https://registry.npmmirror.com/@rollup/rollup-linux-ppc64-gnu/-/rollup-linux-ppc64-gnu-4.62.3.tgz#6335cec15b55a6b063e34cb7e968515fa500ffd4"
  integrity sha512-wzko4aJ13+0G3kGnviCg5gnXFKd40izKsrf2uOw12US4XqprkDrmwOpeW14aSNa37V8bfPcz5Fkob6LZ3BAPmA==

"@rollup/rollup-linux-ppc64-musl@4.62.3":
  version "4.62.3"
  resolved "https://registry.npmmirror.com/@rollup/rollup-linux-ppc64-musl/-/rollup-linux-ppc64-musl-4.62.3.tgz#cf2b6fd238f0928c5657bb8a5ca7751dfc2e6ce4"
  integrity sha512-8120ue0JUMSwy11stlwnfdX3pPd+WZYGCDBwEHWtIHi6pOpZmsEF5QKB7a/UN+XFdqvobxz98kv8RTqikyCEBw==

"@rollup/rollup-linux-riscv64-gnu@4.62.3":
  version "4.62.3"
  resolved "https://registry.npmmirror.com/@rollup/rollup-linux-riscv64-gnu/-/rollup-linux-riscv64-gnu-4.62.3.tgz#df9508c8721437f7e51990caaa61d2f38db73cbf"
  integrity sha512-XLFHnR3tXMjbOCh2vtVJHmxt+995uJsTERQyseFDRA0xxMxyTZPLa3OIUlyFaO4mF/Lu0FjmWHCuPXJT1n/IOg==

"@rollup/rollup-linux-riscv64-musl@4.62.3":
  version "4.62.3"
  resolved "https://registry.npmmirror.com/@rollup/rollup-linux-riscv64-musl/-/rollup-linux-riscv64-musl-4.62.3.tgz#0cfe93072f4c398bb9d666e5953371a22aba7f4a"
  integrity sha512-se6yXvNGMIl0f+RQzyh7XAmia8/9kplQx424wnG2w0C1oi6XgO6Y8otKhdXFHbHs88Ihavzmvh1NWjuovE76BQ==

"@rollup/rollup-linux-s390x-gnu@4.62.3":
  version "4.62.3"
  resolved "https://registry.npmmirror.com/@rollup/rollup-linux-s390x-gnu/-/rollup-linux-s390x-gnu-4.62.3.tgz#f8e7bdf3d419866b688b09d9348253925232d1cb"
  integrity sha512-gNoxRefktVIiGflpONuxWWXZAzIQG++z9qHO3xKwk4WdDMuQja3JHGfE1u0i3PfPDyvhypdk+WrgIJqLhGG7sg==

"@rollup/rollup-linux-x64-gnu@4.62.3":
  version "4.62.3"
  resolved "https://registry.npmmirror.com/@rollup/rollup-linux-x64-gnu/-/rollup-linux-x64-gnu-4.62.3.tgz#57ef7f039c4f7de0e913f1f2680385467b86bb15"
  integrity sha512-V4KtWtQfAFMU7+9/A/VDps/VI8CHd3cYz0L8sgJzz8qK7eY7wI4ruFD82UYIYvW9Z4DtlTfhQcsl4XyPHW5uSg==

"@rollup/rollup-linux-x64-musl@4.62.3":
  version "4.62.3"
  resolved "https://registry.npmmirror.com/@rollup/rollup-linux-x64-musl/-/rollup-linux-x64-musl-4.62.3.tgz#6f5b5693d4beb152bf518c487d259362dbece449"
  integrity sha512-LBx9LYXvj2CBkMkjLdNAWLwH0MLMin7do2VcVo9kVPibGLkY0BQQut2fv7NVqkXqZ/CrAu9LqDHVV1xHCMpCPw==

"@rollup/rollup-openbsd-x64@4.62.3":
  version "4.62.3"
  resolved "https://registry.npmmirror.com/@rollup/rollup-openbsd-x64/-/rollup-openbsd-x64-4.62.3.tgz#9909010093ed7fb2480c73bc193a8f4d44ffb9e3"
  integrity sha512-ABVf3Q0RCu7NcyCCOZQI0pJ3GuSdfSl8EXcy88QtdceIMIoCUdfhsJChZ64L9zVM2aJHjde1Bhn5uqSRcX9ySA==

"@rollup/rollup-openharmony-arm64@4.62.3":
  version "4.62.3"
  resolved "https://registry.npmmirror.com/@rollup/rollup-openharmony-arm64/-/rollup-openharmony-arm64-4.62.3.tgz#aba90b57725fcf4c4072c95a6dbfbcf7500a770d"
  integrity sha512-+2Cy/ldweGBLlPIKsQLF8U5N44a0KDdbrk1rAjHOM9M2K+kGdIVjHLmmrZIcx+9Ny3ke/1JomCsDI1ocb11+sg==

"@rollup/rollup-win32-arm64-msvc@4.62.3":
  version "4.62.3"
  resolved "https://registry.npmmirror.com/@rollup/rollup-win32-arm64-msvc/-/rollup-win32-arm64-msvc-4.62.3.tgz#12cee2b2e6d37dbb83602686812e4bba290c9aa3"
  integrity sha512-dtZvzc8BedpSaFNy75x6uiWwAGTH+aZHDtdrqP6qk+WcLJrfti6sGje1ZJ9UxyzDLF23d/mV+PaMwuC0hL7UVA==

"@rollup/rollup-win32-ia32-msvc@4.62.3":
  version "4.62.3"
  resolved "https://registry.npmmirror.com/@rollup/rollup-win32-ia32-msvc/-/rollup-win32-ia32-msvc-4.62.3.tgz#391a0d6f8458a675ad720cccae9bcb9a48109016"
  integrity sha512-Rj8Ra4noo+aYy7sKBggCx0407mws34kAb1ySyWuq5DAtFBQdkSwnsjCgPrhPe9cvgBKZIukpE+CVHvORCS93kQ==

"@rollup/rollup-win32-x64-gnu@4.62.3":
  version "4.62.3"
  resolved "https://registry.npmmirror.com/@rollup/rollup-win32-x64-gnu/-/rollup-win32-x64-gnu-4.62.3.tgz#3f38bb180fcf1cfa91975c4b344941e985a6ed13"
  integrity sha512-vp7N084ew/odXn2gi/mzm9mUkQu9l6AiN6dt4IeUM2Uvm9o+cVmP+YkqbMOteLbiGgqBBlJZjIMYVCfOOIVbVQ==

"@rollup/rollup-win32-x64-msvc@4.62.3":
  version "4.62.3"
  resolved "https://registry.npmmirror.com/@rollup/rollup-win32-x64-msvc/-/rollup-win32-x64-msvc-4.62.3.tgz#0ccafd44a8cbcb33f7feaa9e3e85033e7a52295c"
  integrity sha512-MOG/3gTOn4Fwf574RVOaY61I5o6P90legkFADiTyn1hyjNydT+cerU2rLUwPdZkKKyJ+iT+K9p7WXK4LM1Ka6g==

"@types/estree@1.0.9":
  version "1.0.9"
  resolved "https://registry.npmmirror.com/@types/estree/-/estree-1.0.9.tgz#cf3f0e876d7bee15a93ab925b82bf570a3904a24"
  integrity sha512-GhdPgy1el4/ImP05X05Uw4cw2/M93BCUmnEvWZNStlCzEKME4Fkk+YpoA5OiHNQmoS7Cafb8Xa3Pya8m1Qrzeg==

"@types/trusted-types@^2.0.7":
  version "2.0.7"
  resolved "https://registry.npmmirror.com/@types/trusted-types/-/trusted-types-2.0.7.tgz#baccb07a970b91707df3a3e8ba6896c57ead2d11"
  integrity sha512-ScaPdn1dQczgbl0QFTeTOmVHFULt394XJgOQNoyVhZ6r2vLnMLJfBPd53SB52T/3G36VI1/g2MZaX0cwDuXsfw==

"@vitejs/plugin-vue2@^2.3.1":
  version "2.3.4"
  resolved "https://registry.npmmirror.com/@vitejs/plugin-vue2/-/plugin-vue2-2.3.4.tgz#6240f34fa400c32437b458611e176e0b435cf56e"
  integrity sha512-LgqtRRedJb1KdmgcllwGX0gtlPvOvtR6pITXmqxGwQhBZaAysg0Hd7wvj3sjCsj4+PENWsqS7O+ceYSOgJ+H9g==

"@vue/compiler-sfc@2.7.16":
  version "2.7.16"
  resolved "https://registry.npmmirror.com/@vue/compiler-sfc/-/compiler-sfc-2.7.16.tgz#ff81711a0fac9c68683d8bb00b63f857de77dc83"
  integrity sha512-KWhJ9k5nXuNtygPU7+t1rX6baZeqOYLEforUPjgNDBnLicfHCoi48H87Q8XyLZOrNNsmhuwKqtpDQWjEFe6Ekg==
  dependencies:
    "@babel/parser" "^7.23.5"
    postcss "^8.4.14"
    source-map "^0.6.1"
  optionalDependencies:
    prettier "^1.18.2 || ^2.0.0"

batch-processor@1.0.0:
  version "1.0.0"
  resolved "https://registry.npmmirror.com/batch-processor/-/batch-processor-1.0.0.tgz#75c95c32b748e0850d10c2b168f6bdbe9891ace8"
  integrity sha512-xoLQD8gmmR32MeuBHgH0Tzd5PuSZx71ZsbhVxOCRbgktZEPe4SQy7s9Z50uPp0F/f7iw2XmkHN2xkgbMfckMDA==

commander@^8.3.0:
  version "8.3.0"
  resolved "https://registry.npmmirror.com/commander/-/commander-8.3.0.tgz#4837ea1b2da67b9c616a67afbb0fafee567bca66"
  integrity sha512-OkTL9umf+He2DZkUq8f8J9of7yL6RJKI24dVITBmNfZBmri9zYZQrKkuXiKhyfPSu8tUhnVBB1iKXevvnlR4Ww==

csstype@^3.1.0:
  version "3.2.3"
  resolved "https://registry.npmmirror.com/csstype/-/csstype-3.2.3.tgz#ec48c0f3e993e50648c86da559e2610995cf989a"
  integrity sha512-z1HGKcYy2xA8AGQfwrn0PAy+PB7X/GSj3UVJW9qKyn43xWa+gl5nXmU4qqLMRzWVLFC8KusUX8T/0kCiOYpAIQ==

dompurify@^3.3.3:
  version "3.4.12"
  resolved "https://registry.npmmirror.com/dompurify/-/dompurify-3.4.12.tgz#6fa2265e9bbdce882c4ace4107626051b448ffa8"
  integrity sha512-zQvGet8Z2sWbQhCmfFz/T5QWH2oBmjnqK3qvOjaqaNLrLEF912WamU+ohnTp0TCep/MFVHpdJuCZEdFOdTnEFg==
  optionalDependencies:
    "@types/trusted-types" "^2.0.7"

element-resize-detector@^1.2.1:
  version "1.2.4"
  resolved "https://registry.npmmirror.com/element-resize-detector/-/element-resize-detector-1.2.4.tgz#3e6c5982dd77508b5fa7e6d5c02170e26325c9b1"
  integrity sha512-Fl5Ftk6WwXE0wqCgNoseKWndjzZlDCwuPTcoVZfCP9R3EHQF8qUtr3YUPNETegRBOKqQKPW3n4kiIWngGi8tKg==
  dependencies:
    batch-processor "1.0.0"

esbuild@^0.21.3:
  version "0.21.5"
  resolved "https://registry.npmmirror.com/esbuild/-/esbuild-0.21.5.tgz#9ca301b120922959b766360d8ac830da0d02997d"
  integrity sha512-mg3OPMV4hXywwpoDxu3Qda5xCKQi+vCTZq8S9J/EpkhB2HzKXq4SNFZE3+NK93JYxc8VMSep+lOUSC/RVKaBqw==
  optionalDependencies:
    "@esbuild/aix-ppc64" "0.21.5"
    "@esbuild/android-arm" "0.21.5"
    "@esbuild/android-arm64" "0.21.5"
    "@esbuild/android-x64" "0.21.5"
    "@esbuild/darwin-arm64" "0.21.5"
    "@esbuild/darwin-x64" "0.21.5"
    "@esbuild/freebsd-arm64" "0.21.5"
    "@esbuild/freebsd-x64" "0.21.5"
    "@esbuild/linux-arm" "0.21.5"
    "@esbuild/linux-arm64" "0.21.5"
    "@esbuild/linux-ia32" "0.21.5"
    "@esbuild/linux-loong64" "0.21.5"
    "@esbuild/linux-mips64el" "0.21.5"
    "@esbuild/linux-ppc64" "0.21.5"
    "@esbuild/linux-riscv64" "0.21.5"
    "@esbuild/linux-s390x" "0.21.5"
    "@esbuild/linux-x64" "0.21.5"
    "@esbuild/netbsd-x64" "0.21.5"
    "@esbuild/openbsd-x64" "0.21.5"
    "@esbuild/sunos-x64" "0.21.5"
    "@esbuild/win32-arm64" "0.21.5"
    "@esbuild/win32-ia32" "0.21.5"
    "@esbuild/win32-x64" "0.21.5"

eve@^0.5.4:
  version "0.5.4"
  resolved "https://registry.npmmirror.com/eve/-/eve-0.5.4.tgz#67d080b9725291d7e389e34c26860dd97f1debaa"
  integrity sha512-aqprQ9MAOh1t66PrHxDFmMXPlgNO6Uv1uqvxmwjprQV50jaQ2RqO7O1neY4PJwC+hMnkyMDphu2AQPOPZdjQog==

file-icons-js@1.0.3:
  version "1.0.3"
  resolved "https://registry.npmmirror.com/file-icons-js/-/file-icons-js-1.0.3.tgz#d0765dc1d86aba4b2d7664a39e4ef7af9f12c5af"
  integrity sha512-n4zoKEpMaAxBTUB7wtgrFBa4dM3b7mBLLA1VI/Q5Cdk/k2UA8S8oaxvnECp3QOzg0Dn+KKRzfIHF7qSdRkA65Q==

fsevents@~2.3.2, fsevents@~2.3.3:
  version "2.3.3"
  resolved "https://registry.npmmirror.com/fsevents/-/fsevents-2.3.3.tgz#cac6407785d03675a2a5e1a5305c697b347d90d6"
  integrity sha512-5xoDfX+fL7faATnagmWPpbFtwh/R77WmMMqqHGS65C3vvB0YHrgF+B1YmZ3441tMj5n63k0212XNoJwzlhffQw==

katex@^0.16.11:
  version "0.16.47"
  resolved "https://registry.npmmirror.com/katex/-/katex-0.16.47.tgz#0a13a42c2deb4f74e61f162d440b9165a548030f"
  integrity sha512-Eeo8Ys1doU1z+x8AZsPpQu+p/QcZBI5PeOo7QGQdy2x2m0MU/hYagBbGOmXwr5KVbEfVuWv9LpnQWeehogurjg==
  dependencies:
    commander "^8.3.0"

nanoid@^3.3.16:
  version "3.3.16"
  resolved "https://registry.npmmirror.com/nanoid/-/nanoid-3.3.16.tgz#a04d8ec4b1f10009d2d533947aefe4293737816c"
  integrity sha512-bzlKTyNJ7+LdGIIwy8ijFpIqEQIvafahV7eYykJ8Cvh42EdJeODoJ6gUJXpQJvej1BddH8OqTXZNE/KfbWAu8Q==

picocolors@^1.1.1:
  version "1.1.1"
  resolved "https://registry.npmmirror.com/picocolors/-/picocolors-1.1.1.tgz#3d321af3eab939b083c8f929a1d12cda81c26b6b"
  integrity sha512-xceH2snhtb5M9liqDsmEw56le376mTZkEX/jEb/RxNFyegNul7eNslCXP9FDj/Lcu0X8KEyMceP2ntpaHrDEVA==

popper.js@^1.16.1:
  version "1.16.1"
  resolved "https://registry.npmmirror.com/popper.js/-/popper.js-1.16.1.tgz#2a223cb3dc7b6213d740e40372be40de43e65b1b"
  integrity sha512-Wb4p1J4zyFTbM+u6WuO4XstYx4Ky9Cewe4DWrel7B0w6VVICvPwdOpotjzcf6eD8TsckVnIMNONQyPIUFOUbCQ==

postcss@^8.4.14, postcss@^8.4.43:
  version "8.5.25"
  resolved "https://registry.npmmirror.com/postcss/-/postcss-8.5.25.tgz#5012a598eaaa897f21bbe8553be3cb7bd2bd78cb"
  integrity sha512-DTPx3RWSSnWyzLxQnlH0rJP+EW5ekl16ZU4/psbIhA0e53kJfdgaN5vKM+xP7yJtXVu+nfdVFmlgFDEKAe4Pyw==
  dependencies:
    nanoid "^3.3.16"
    picocolors "^1.1.1"
    source-map-js "^1.2.1"

"prettier@^1.18.2 || ^2.0.0":
  version "2.8.8"
  resolved "https://registry.npmmirror.com/prettier/-/prettier-2.8.8.tgz#e8c5d7e98a4305ffe3de2e1fc4aca1a71c28b1da"
  integrity sha512-tdN8qQGvNjw4CHbY+XXk0JgCXn9QiF21a55rBe5LJAU+kDyC4WQn4+awm2Xfk2lQMk5fKup9XgzTZtGkjBdP9Q==

rollup@^4.20.0:
  version "4.62.3"
  resolved "https://registry.npmmirror.com/rollup/-/rollup-4.62.3.tgz#03ee99e2b5b0744dd99be6d4238b2fcd4087b4f6"
  integrity sha512-Gu0c0iH9FzgX1L1t7ByIbbS3Vmdz+6KHm/EsqmmC71gUQ82yvZRkTK6XzrFObSka91WUVdynqp6nsfilzr5k6Q==
  dependencies:
    "@types/estree" "1.0.9"
  optionalDependencies:
    "@rollup/rollup-android-arm-eabi" "4.62.3"
    "@rollup/rollup-android-arm64" "4.62.3"
    "@rollup/rollup-darwin-arm64" "4.62.3"
    "@rollup/rollup-darwin-x64" "4.62.3"
    "@rollup/rollup-freebsd-arm64" "4.62.3"
    "@rollup/rollup-freebsd-x64" "4.62.3"
    "@rollup/rollup-linux-arm-gnueabihf" "4.62.3"
    "@rollup/rollup-linux-arm-musleabihf" "4.62.3"
    "@rollup/rollup-linux-arm64-gnu" "4.62.3"
    "@rollup/rollup-linux-arm64-musl" "4.62.3"
    "@rollup/rollup-linux-loong64-gnu" "4.62.3"
    "@rollup/rollup-linux-loong64-musl" "4.62.3"
    "@rollup/rollup-linux-ppc64-gnu" "4.62.3"
    "@rollup/rollup-linux-ppc64-musl" "4.62.3"
    "@rollup/rollup-linux-riscv64-gnu" "4.62.3"
    "@rollup/rollup-linux-riscv64-musl" "4.62.3"
    "@rollup/rollup-linux-s390x-gnu" "4.62.3"
    "@rollup/rollup-linux-x64-gnu" "4.62.3"
    "@rollup/rollup-linux-x64-musl" "4.62.3"
    "@rollup/rollup-openbsd-x64" "4.62.3"
    "@rollup/rollup-openharmony-arm64" "4.62.3"
    "@rollup/rollup-win32-arm64-msvc" "4.62.3"
    "@rollup/rollup-win32-ia32-msvc" "4.62.3"
    "@rollup/rollup-win32-x64-gnu" "4.62.3"
    "@rollup/rollup-win32-x64-msvc" "4.62.3"
    fsevents "~2.3.2"

snabbdom@^0.7.4:
  version "0.7.4"
  resolved "https://registry.npmmirror.com/snabbdom/-/snabbdom-0.7.4.tgz#817f07e8d3fb870960c3763b8da56f1ba982d31a"
  integrity sha512-nnN+7uZ2NTIiu7EPMNwSDhmrYXqwlfCP/j72RdzvDPujXyvQxOW7Jl9yuLayzxMHDNWQR7FM6Pcn4wnDpKRe6Q==

source-map-js@^1.2.1:
  version "1.2.1"
  resolved "https://registry.npmmirror.com/source-map-js/-/source-map-js-1.2.1.tgz#1ce5650fddd87abc099eda37dcff024c2667ae46"
  integrity sha512-UXWMKhLOwVKb728IUtQPXxfYU+usdybtUrK/8uGE8CQMvrhOpwvzDBwj0QhSL7MQc7vIsISBG8VQ8+IDQxpfQA==

source-map@^0.6.1:
  version "0.6.1"
  resolved "https://registry.npmmirror.com/source-map/-/source-map-0.6.1.tgz#74722af32e9614e9c287a8d0bbde48b5e2f1a263"
  integrity sha512-UjgapumWlbMhkBgzT7Ykc5YXUT46F0iKu8SGXq0bcwP5dz/h0Plj6enJqjz1Zbq2l5WaqYnrVbwWOWMyF3F47g==

uuid@^9.0.1:
  version "9.0.1"
  resolved "https://registry.npmmirror.com/uuid/-/uuid-9.0.1.tgz#e188d4c8853cc722220392c424cd637f32293f30"
  integrity sha512-b+1eJOlsR9K8HJpow9Ok3fiWOWSIcIzXodvv0rQjVoOVNpWMpxf1wZNpt4y9h10odCNrqnYp1OBzRktckBe3sA==

vite@^5.4.0:
  version "5.4.21"
  resolved "https://registry.npmmirror.com/vite/-/vite-5.4.21.tgz#84a4f7c5d860b071676d39ba513c0d598fdc7027"
  integrity sha512-o5a9xKjbtuhY6Bi5S3+HvbRERmouabWbyUcpXXUA1u+GNUKoROi9byOJ8M0nHbHYHkYICiMlqxkg1KkYmm25Sw==
  dependencies:
    esbuild "^0.21.3"
    postcss "^8.4.43"
    rollup "^4.20.0"
  optionalDependencies:
    fsevents "~2.3.3"

vue-i18n@^8.28.2:
  version "8.28.2"
  resolved "https://registry.npmmirror.com/vue-i18n/-/vue-i18n-8.28.2.tgz#913558066e274395c0a9f40b2f3393d5c2636840"
  integrity sha512-C5GZjs1tYlAqjwymaaCPDjCyGo10ajUphiwA922jKt9n7KPpqR7oM1PCwYzhB/E7+nT3wfdG3oRre5raIT1rKA==

vue@^2.7.16:
  version "2.7.16"
  resolved "https://registry.npmmirror.com/vue/-/vue-2.7.16.tgz#98c60de9def99c0e3da8dae59b304ead43b967c9"
  integrity sha512-4gCtFXaAA3zYZdTp5s4Hl2sozuySsgz4jy1EnpBHNfpMa9dK1ZCG7viqBPCwXtmgc8nHqUsAu3G4gtmXkkY3Sw==
  dependencies:
    "@vue/compiler-sfc" "2.7.16"
    csstype "^3.1.0"
